
Microsoft Visual Studio Solution File, Format Version 12.00
# Visual Studio Version 16
VisualStudioVersion = 16.0.32002.261
MinimumVisualStudioVersion = 10.0.40219.1
Project("{9A19103F-16F7-4668-BE54-9A1E7A4F7556}") = "CompanyProject", "CompanyProject\CompanyProject.csproj", "{B81E1732-9505-44CF-871B-2CC5DB2E119B}"
EndProject
Project("{9A19103F-16F7-4668-BE54-9A1E7A4F7556}") = "TestCompanyApi", "TestCompanyApi\TestCompanyApi.csproj", "{66DF96D0-58E1-4976-A7AD-DBBEDC0343A2}"
EndProject
Global
	GlobalSection(SolutionConfigurationPlatforms) = preSolution
		Debug|Any CPU = Debug|Any CPU
		Release|Any CPU = Release|Any CPU
	EndGlobalSection
	GlobalSection(ProjectConfigurationPlatforms) = postSolution
		{B81E1732-9505-44CF-871B-2CC5DB2E119B}.Debug|Any CPU.ActiveCfg = Debug|Any CPU
		{B81E1732-9505-44CF-871B-2CC5DB2E119B}.Debug|Any CPU.Build.0 = Debug|Any CPU
		{B81E1732-9505-44CF-871B-2CC5DB2E119B}.Release|Any CPU.ActiveCfg = Release|Any CPU
		{B81E1732-9505-44CF-871B-2CC5DB2E119B}.Release|Any CPU.Build.0 = Release|Any CPU
		{66DF96D0-58E1-4976-A7AD-DBBEDC0343A2}.Debug|Any CPU.ActiveCfg = Debug|Any CPU
		{66DF96D0-58E1-4976-A7AD-DBBEDC0343A2}.Debug|Any CPU.Build.0 = Debug|Any CPU
		{66DF96D0-58E1-4976-A7AD-DBBEDC0343A2}.Release|Any CPU.ActiveCfg = Release|Any CPU
		{66DF96D0-58E1-4976-A7AD-DBBEDC0343A2}.Release|Any CPU.Build.0 = Release|Any CPU
	EndGlobalSection
	GlobalSection(SolutionProperties) = preSolution
		HideSolutionNode = FALSE
	EndGlobalSection
	GlobalSection(ExtensibilityGlobals) = postSolution
		SolutionGuid = {8E9DC371-0B1B-4250-953B-F12398D01959}
	EndGlobalSection
EndGlobal
